
Microsoft Visual Studio Solution File, Format Version 12.00
# Visual Studio Version 17
VisualStudioVersion = 17.1.32319.34
MinimumVisualStudioVersion = 10.0.40219.1
Project("{2150E333-8FDC-42A3-9474-1A3956D46DE8}") = "src", "src", "{A2A85DF3-2138-4C4B-9E9C-54E168D198BB}"
EndProject
Project("{2150E333-8FDC-42A3-9474-1A3956D46DE8}") = "test", "test", "{5AF9903C-D201-4128-989A-4898F98409BB}"
EndProject
Project("{FAE04EC0-301F-11D3-BF4B-00C04F79EFBC}") = "FinChatter.Domain", "src\FinChatter.Domain\FinChatter.Domain.csproj", "{FAA78525-A668-43C9-A3B2-C6A2EC9E186C}"
EndProject
Project("{FAE04EC0-301F-11D3-BF4B-00C04F79EFBC}") = "FinChatter.Application", "src\FinChatter.Application\FinChatter.Application.csproj", "{F57BDA50-0355-4ED5-92AB-360367E9DB1F}"
EndProject
Project("{FAE04EC0-301F-11D3-BF4B-00C04F79EFBC}") = "FinChatter.Infrastructure", "src\FinChatter.Infrastructure\FinChatter.Infrastructure.csproj", "{AEAFC500-F4A7-4291-B20E-4707BBB18606}"
EndProject
Project("{FAE04EC0-301F-11D3-BF4B-00C04F79EFBC}") = "FinChatter.API", "src\FinChatter.API\FinChatter.API.csproj", "{F2B4905B-E205-4BF6-9CE9-4952994DBEA1}"
EndProject
Project("{FAE04EC0-301F-11D3-BF4B-00C04F79EFBC}") = "FinChatter.API.Contracts", "src\FinChatter.API.Contracts\FinChatter.API.Contracts.csproj", "{5BD0824B-F360-4F61-851A-2FAE5791DDD2}"
EndProject
Project("{FAE04EC0-301F-11D3-BF4B-00C04F79EFBC}") = "StockService", "src\StockService\StockService.csproj", "{02736814-2D71-49C8-A60B-CD0B2ED5C954}"
EndProject
Project("{FAE04EC0-301F-11D3-BF4B-00C04F79EFBC}") = "FinChatter.UnitTest", "test\FinChatter.UnitTest\FinChatter.UnitTest.csproj", "{0053FF75-7D47-4AF4-A7DD-2C500D7A3351}"
EndProject
Global
	GlobalSection(SolutionConfigurationPlatforms) = preSolution
		Debug|Any CPU = Debug|Any CPU
		Release|Any CPU = Release|Any CPU
	EndGlobalSection
	GlobalSection(ProjectConfigurationPlatforms) = postSolution
		{FAA78525-A668-43C9-A3B2-C6A2EC9E186C}.Debug|Any CPU.ActiveCfg = Debug|Any CPU
		{FAA78525-A668-43C9-A3B2-C6A2EC9E186C}.Debug|Any CPU.Build.0 = Debug|Any CPU
		{FAA78525-A668-43C9-A3B2-C6A2EC9E186C}.Release|Any CPU.ActiveCfg = Release|Any CPU
		{FAA78525-A668-43C9-A3B2-C6A2EC9E186C}.Release|Any CPU.Build.0 = Release|Any CPU
		{F57BDA50-0355-4ED5-92AB-360367E9DB1F}.Debug|Any CPU.ActiveCfg = Debug|Any CPU
		{F57BDA50-0355-4ED5-92AB-360367E9DB1F}.Debug|Any CPU.Build.0 = Debug|Any CPU
		{F57BDA50-0355-4ED5-92AB-360367E9DB1F}.Release|Any CPU.ActiveCfg = Release|Any CPU
		{F57BDA50-0355-4ED5-92AB-360367E9DB1F}.Release|Any CPU.Build.0 = Release|Any CPU
		{AEAFC500-F4A7-4291-B20E-4707BBB18606}.Debug|Any CPU.ActiveCfg = Debug|Any CPU
		{AEAFC500-F4A7-4291-B20E-4707BBB18606}.Debug|Any CPU.Build.0 = Debug|Any CPU
		{AEAFC500-F4A7-4291-B20E-4707BBB18606}.Release|Any CPU.ActiveCfg = Release|Any CPU
		{AEAFC500-F4A7-4291-B20E-4707BBB18606}.Release|Any CPU.Build.0 = Release|Any CPU
		{F2B4905B-E205-4BF6-9CE9-4952994DBEA1}.Debug|Any CPU.ActiveCfg = Debug|Any CPU
		{F2B4905B-E205-4BF6-9CE9-4952994DBEA1}.Debug|Any CPU.Build.0 = Debug|Any CPU
		{F2B4905B-E205-4BF6-9CE9-4952994DBEA1}.Release|Any CPU.ActiveCfg = Release|Any CPU
		{F2B4905B-E205-4BF6-9CE9-4952994DBEA1}.Release|Any CPU.Build.0 = Release|Any CPU
		{5BD0824B-F360-4F61-851A-2FAE5791DDD2}.Debug|Any CPU.ActiveCfg = Debug|Any CPU
		{5BD0824B-F360-4F61-851A-2FAE5791DDD2}.Debug|Any CPU.Build.0 = Debug|Any CPU
		{5BD0824B-F360-4F61-851A-2FAE5791DDD2}.Release|Any CPU.ActiveCfg = Release|Any CPU
		{5BD0824B-F360-4F61-851A-2FAE5791DDD2}.Release|Any CPU.Build.0 = Release|Any CPU
		{02736814-2D71-49C8-A60B-CD0B2ED5C954}.Debug|Any CPU.ActiveCfg = Debug|Any CPU
		{02736814-2D71-49C8-A60B-CD0B2ED5C954}.Debug|Any CPU.Build.0 = Debug|Any CPU
		{02736814-2D71-49C8-A60B-CD0B2ED5C954}.Release|Any CPU.ActiveCfg = Release|Any CPU
		{02736814-2D71-49C8-A60B-CD0B2ED5C954}.Release|Any CPU.Build.0 = Release|Any CPU
		{0053FF75-7D47-4AF4-A7DD-2C500D7A3351}.Debug|Any CPU.ActiveCfg = Debug|Any CPU
		{0053FF75-7D47-4AF4-A7DD-2C500D7A3351}.Debug|Any CPU.Build.0 = Debug|Any CPU
		{0053FF75-7D47-4AF4-A7DD-2C500D7A3351}.Release|Any CPU.ActiveCfg = Release|Any CPU
		{0053FF75-7D47-4AF4-A7DD-2C500D7A3351}.Release|Any CPU.Build.0 = Release|Any CPU
	EndGlobalSection
	GlobalSection(SolutionProperties) = preSolution
		HideSolutionNode = FALSE
	EndGlobalSection
	GlobalSection(NestedProjects) = preSolution
		{FAA78525-A668-43C9-A3B2-C6A2EC9E186C} = {A2A85DF3-2138-4C4B-9E9C-54E168D198BB}
		{F57BDA50-0355-4ED5-92AB-360367E9DB1F} = {A2A85DF3-2138-4C4B-9E9C-54E168D198BB}
		{AEAFC500-F4A7-4291-B20E-4707BBB18606} = {A2A85DF3-2138-4C4B-9E9C-54E168D198BB}
		{F2B4905B-E205-4BF6-9CE9-4952994DBEA1} = {A2A85DF3-2138-4C4B-9E9C-54E168D198BB}
		{5BD0824B-F360-4F61-851A-2FAE5791DDD2} = {A2A85DF3-2138-4C4B-9E9C-54E168D198BB}
		{02736814-2D71-49C8-A60B-CD0B2ED5C954} = {A2A85DF3-2138-4C4B-9E9C-54E168D198BB}
		{0053FF75-7D47-4AF4-A7DD-2C500D7A3351} = {5AF9903C-D201-4128-989A-4898F98409BB}
	EndGlobalSection
	GlobalSection(ExtensibilityGlobals) = postSolution
		SolutionGuid = {F80902C0-CBD6-4CE3-A95B-B6A4F97C21FD}
	EndGlobalSection
EndGlobal
